
Microsoft Visual Studio Solution File, Format Version 12.00
# Visual Studio Version 17
VisualStudioVersion = 17.1.32407.343
MinimumVisualStudioVersion = 10.0.40219.1
Project("{9A19103F-16F7-4668-BE54-9A1E7A4F7556}") = "Tangy_server", "Tangy_server\Tangy_server.csproj", "{DE0F6A09-445C-413C-88B0-8302C20B5F64}"
EndProject
Project("{9A19103F-16F7-4668-BE54-9A1E7A4F7556}") = "Tangy_Client", "Tanky_Client\Tangy_Client.csproj", "{DFE5D881-54A8-4A73-AC35-DD0F5609A98F}"
EndProject
Project("{FAE04EC0-301F-11D3-BF4B-00C04F79EFBC}") = "Tangy_Models", "Tangy_Models\Tangy_Models.csproj", "{D28348F1-EFBF-4E2D-B6E1-7E8D51887531}"
EndProject
Global
	GlobalSection(SolutionConfigurationPlatforms) = preSolution
		Debug|Any CPU = Debug|Any CPU
		Release|Any CPU = Release|Any CPU
	EndGlobalSection
	GlobalSection(ProjectConfigurationPlatforms) = postSolution
		{DE0F6A09-445C-413C-88B0-8302C20B5F64}.Debug|Any CPU.ActiveCfg = Debug|Any CPU
		{DE0F6A09-445C-413C-88B0-8302C20B5F64}.Debug|Any CPU.Build.0 = Debug|Any CPU
		{DE0F6A09-445C-413C-88B0-8302C20B5F64}.Release|Any CPU.ActiveCfg = Release|Any CPU
		{DE0F6A09-445C-413C-88B0-8302C20B5F64}.Release|Any CPU.Build.0 = Release|Any CPU
		{DFE5D881-54A8-4A73-AC35-DD0F5609A98F}.Debug|Any CPU.ActiveCfg = Debug|Any CPU
		{DFE5D881-54A8-4A73-AC35-DD0F5609A98F}.Debug|Any CPU.Build.0 = Debug|Any CPU
		{DFE5D881-54A8-4A73-AC35-DD0F5609A98F}.Release|Any CPU.ActiveCfg = Release|Any CPU
		{DFE5D881-54A8-4A73-AC35-DD0F5609A98F}.Release|Any CPU.Build.0 = Release|Any CPU
		{D28348F1-EFBF-4E2D-B6E1-7E8D51887531}.Debug|Any CPU.ActiveCfg = Debug|Any CPU
		{D28348F1-EFBF-4E2D-B6E1-7E8D51887531}.Debug|Any CPU.Build.0 = Debug|Any CPU
		{D28348F1-EFBF-4E2D-B6E1-7E8D51887531}.Release|Any CPU.ActiveCfg = Release|Any CPU
		{D28348F1-EFBF-4E2D-B6E1-7E8D51887531}.Release|Any CPU.Build.0 = Release|Any CPU
	EndGlobalSection
	GlobalSection(SolutionProperties) = preSolution
		HideSolutionNode = FALSE
	EndGlobalSection
	GlobalSection(ExtensibilityGlobals) = postSolution
		SolutionGuid = {0C7CF937-B9EE-4AAC-8E0A-3136C4E0F056}
	EndGlobalSection
EndGlobal
